// !$*UTF8*$!
{
	archiveVersion = 1;
	classes = {
	};
	objectVersion = 50;
	objects = {

/* Begin PBXBuildFile section */
		1C01524323A601D00005369A /* ZFRatingBadge.swift in Sources */ = {isa = PBXBuildFile; fileRef = 1C01524223A601D00005369A /* ZFRatingBadge.swift */; };
		1C01524623A6023F0005369A /* Images.xcassets in Resources */ = {isa = PBXBuildFile; fileRef = 1C01524523A6023F0005369A /* Images.xcassets */; };
		1C4C505123A6008B00390505 /* ZFRatingBadge.h in Headers */ = {isa = PBXBuildFile; fileRef = 1C4C504F23A6008B00390505 /* ZFRatingBadge.h */; settings = {ATTRIBUTES = (Public, ); }; };
		A8F5E7A6DF4873D69391DB90 /* Pods_ZFRatingBadge.framework in Frameworks */ = {isa = PBXBuildFile; fileRef = ACEF95614CC183737281EBD8 /* Pods_ZFRatingBadge.framework */; };
/* End PBXBuildFile section */

/* Begin PBXFileReference section */
		1C01524223A601D00005369A /* ZFRatingBadge.swift */ = {isa = PBXFileReference; lastKnownFileType = sourcecode.swift; path = ZFRatingBadge.swift; sourceTree = "<group>"; };
		1C01524523A6023F0005369A /* Images.xcassets */ = {isa = PBXFileReference; lastKnownFileType = folder.assetcatalog; path = Images.xcassets; sourceTree = "<group>"; };
		1C4C504C23A6008B00390505 /* ZFRatingBadge.framework */ = {isa = PBXFileReference; explicitFileType = wrapper.framework; includeInIndex = 0; path = ZFRatingBadge.framework; sourceTree = BUILT_PRODUCTS_DIR; };
		1C4C504F23A6008B00390505 /* ZFRatingBadge.h */ = {isa = PBXFileReference; lastKnownFileType = sourcecode.c.h; path = ZFRatingBadge.h; sourceTree = "<group>"; };
		1C4C505023A6008B00390505 /* Info.plist */ = {isa = PBXFileReference; lastKnownFileType = text.plist.xml; path = Info.plist; sourceTree = "<group>"; };
		1C97259013AA288AE795AFB5 /* Pods-ZFRatingBadge.release.xcconfig */ = {isa = PBXFileReference; includeInIndex = 1; lastKnownFileType = text.xcconfig; name = "Pods-ZFRatingBadge.release.xcconfig"; path = "Target Support Files/Pods-ZFRatingBadge/Pods-ZFRatingBadge.release.xcconfig"; sourceTree = "<group>"; };
		494F8EDF75866D285B42632C /* Pods-ZFRatingBadge.debug.xcconfig */ = {isa = PBXFileReference; includeInIndex = 1; lastKnownFileType = text.xcconfig; name = "Pods-ZFRatingBadge.debug.xcconfig"; path = "Target Support Files/Pods-ZFRatingBadge/Pods-ZFRatingBadge.debug.xcconfig"; sourceTree = "<group>"; };
		ACEF95614CC183737281EBD8 /* Pods_ZFRatingBadge.framework */ = {isa = PBXFileReference; explicitFileType = wrapper.framework; includeInIndex = 0; path = Pods_ZFRatingBadge.framework; sourceTree = BUILT_PRODUCTS_DIR; };
/* End PBXFileReference section */

/* Begin PBXFrameworksBuildPhase section */
		1C4C504923A6008B00390505 /* Frameworks */ = {
			isa = PBXFrameworksBuildPhase;
			buildActionMask = 2147483647;
			files = (
				A8F5E7A6DF4873D69391DB90 /* Pods_ZFRatingBadge.framework in Frameworks */,
			);
			runOnlyForDeploymentPostprocessing = 0;
		};
/* End PBXFrameworksBuildPhase section */

/* Begin PBXGroup section */
		1C01524123A601C30005369A /* Classes */ = {
			isa = PBXGroup;
			children = (
				1C01524223A601D00005369A /* ZFRatingBadge.swift */,
			);
			path = Classes;
			sourceTree = "<group>";
		};
		1C01524423A602230005369A /* Resources */ = {
			isa = PBXGroup;
			children = (
				1C01524523A6023F0005369A /* Images.xcassets */,
			);
			path = Resources;
			sourceTree = "<group>";
		};
		1C4C504223A6008B00390505 = {
			isa = PBXGroup;
			children = (
				1C4C504E23A6008B00390505 /* ZFRatingBadge */,
				1C4C504D23A6008B00390505 /* Products */,
				FAEF0D5E6CDE3BAEC37969A5 /* Pods */,
				1D14E44C6E2E73F915EF45DF /* Frameworks */,
			);
			sourceTree = "<group>";
		};
		1C4C504D23A6008B00390505 /* Products */ = {
			isa = PBXGroup;
			children = (
				1C4C504C23A6008B00390505 /* ZFRatingBadge.framework */,
			);
			name = Products;
			sourceTree = "<group>";
		};
		1C4C504E23A6008B00390505 /* ZFRatingBadge */ = {
			isa = PBXGroup;
			children = (
				1C01524423A602230005369A /* Resources */,
				1C01524123A601C30005369A /* Classes */,
				1C4C504F23A6008B00390505 /* ZFRatingBadge.h */,
				1C4C505023A6008B00390505 /* Info.plist */,
			);
			path = ZFRatingBadge;
			sourceTree = "<group>";
		};
		1D14E44C6E2E73F915EF45DF /* Frameworks */ = {
			isa = PBXGroup;
			children = (
				ACEF95614CC183737281EBD8 /* Pods_ZFRatingBadge.framework */,
			);
			name = Frameworks;
			sourceTree = "<group>";
		};
		FAEF0D5E6CDE3BAEC37969A5 /* Pods */ = {
			isa = PBXGroup;
			children = (
				494F8EDF75866D285B42632C /* Pods-ZFRatingBadge.debug.xcconfig */,
				1C97259013AA288AE795AFB5 /* Pods-ZFRatingBadge.release.xcconfig */,
			);
			path = Pods;
			sourceTree = "<group>";
		};
/* End PBXGroup section */

/* Begin PBXHeadersBuildPhase section */
		1C4C504723A6008B00390505 /* Headers */ = {
			isa = PBXHeadersBuildPhase;
			buildActionMask = 2147483647;
			files = (
				1C4C505123A6008B00390505 /* ZFRatingBadge.h in Headers */,
			);
			runOnlyForDeploymentPostprocessing = 0;
		};
/* End PBXHeadersBuildPhase section */

/* Begin PBXNativeTarget section */
		1C4C504B23A6008B00390505 /* ZFRatingBadge */ = {
			isa = PBXNativeTarget;
			buildConfigurationList = 1C4C505423A6008B00390505 /* Build configuration list for PBXNativeTarget "ZFRatingBadge" */;
			buildPhases = (
				5DC7635CFBF180F58F65C3AA /* [CP] Check Pods Manifest.lock */,
				1C4C504723A6008B00390505 /* Headers */,
				1C4C504823A6008B00390505 /* Sources */,
				1C4C504923A6008B00390505 /* Frameworks */,
				1C4C504A23A6008B00390505 /* Resources */,
			);
			buildRules = (
			);
			dependencies = (
			);
			name = ZFRatingBadge;
			productName = ZFRatingBadge;
			productReference = 1C4C504C23A6008B00390505 /* ZFRatingBadge.framework */;
			productType = "com.apple.product-type.framework";
		};
/* End PBXNativeTarget section */

/* Begin PBXProject section */
		1C4C504323A6008B00390505 /* Project object */ = {
			isa = PBXProject;
			attributes = {
				LastUpgradeCheck = 1120;
				ORGANIZATIONNAME = Zafar;
				TargetAttributes = {
					1C4C504B23A6008B00390505 = {
						CreatedOnToolsVersion = 11.2.1;
						LastSwiftMigration = 1120;
					};
				};
			};
			buildConfigurationList = 1C4C504623A6008B00390505 /* Build configuration list for PBXProject "ZFRatingBadge" */;
			compatibilityVersion = "Xcode 9.3";
			developmentRegion = en;
			hasScannedForEncodings = 0;
			knownRegions = (
				en,
				Base,
			);
			mainGroup = 1C4C504223A6008B00390505;
			productRefGroup = 1C4C504D23A6008B00390505 /* Products */;
			projectDirPath = "";
			projectRoot = "";
			targets = (
				1C4C504B23A6008B00390505 /* ZFRatingBadge */,
			);
		};
/* End PBXProject section */

/* Begin PBXResourcesBuildPhase section */
		1C4C504A23A6008B00390505 /* Resources */ = {
			isa = PBXResourcesBuildPhase;
			buildActionMask = 2147483647;
			files = (
				1C01524623A6023F0005369A /* Images.xcassets in Resources */,
			);
			runOnlyForDeploymentPostprocessing = 0;
		};
/* End PBXResourcesBuildPhase section */

/* Begin PBXShellScriptBuildPhase section */
		5DC7635CFBF180F58F65C3AA /* [CP] Check Pods Manifest.lock */ = {
			isa = PBXShellScriptBuildPhase;
			buildActionMask = 2147483647;
			files = (
			);
			inputFileListPaths = (
			);
			inputPaths = (
				"${PODS_PODFILE_DIR_PATH}/Podfile.lock",
				"${PODS_ROOT}/Manifest.lock",
			);
			name = "[CP] Check Pods Manifest.lock";
			outputFileListPaths = (
			);
			outputPaths = (
				"$(DERIVED_FILE_DIR)/Pods-ZFRatingBadge-checkManifestLockResult.txt",
			);
			runOnlyForDeploymentPostprocessing = 0;
			shellPath = /bin/sh;
			shellScript = "diff \"${PODS_PODFILE_DIR_PATH}/Podfile.lock\" \"${PODS_ROOT}/Manifest.lock\" > /dev/null\nif [ $? != 0 ] ; then\n    # print error to STDERR\n    echo \"error: The sandbox is not in sync with the Podfile.lock. Run 'pod install' or update your CocoaPods installation.\" >&2\n    exit 1\nfi\n# This output is used by Xcode 'outputs' to avoid re-running this script phase.\necho \"SUCCESS\" > \"${SCRIPT_OUTPUT_FILE_0}\"\n";
			showEnvVarsInLog = 0;
		};
/* End PBXShellScriptBuildPhase section */

/* Begin PBXSourcesBuildPhase section */
		1C4C504823A6008B00390505 /* Sources */ = {
			isa = PBXSourcesBuildPhase;
			buildActionMask = 2147483647;
			files = (
				1C01524323A601D00005369A /* ZFRatingBadge.swift in Sources */,
			);
			runOnlyForDeploymentPostprocessing = 0;
		};
/* End PBXSourcesBuildPhase section */

/* Begin XCBuildConfiguration section */
		1C4C505223A6008B00390505 /* Debug */ = {
			isa = XCBuildConfiguration;
			buildSettings = {
				ALWAYS_SEARCH_USER_PATHS = NO;
				CLANG_ANALYZER_NONNULL = YES;
				CLANG_ANALYZER_NUMBER_OBJECT_CONVERSION = YES_AGGRESSIVE;
				CLANG_CXX_LANGUAGE_STANDARD = "gnu++14";
				CLANG_CXX_LIBRARY = "libc++";
				CLANG_ENABLE_MODULES = YES;
				CLANG_ENABLE_OBJC_ARC = YES;
				CLANG_ENABLE_OBJC_WEAK = YES;
				CLANG_WARN_BLOCK_CAPTURE_AUTORELEASING = YES;
				CLANG_WARN_BOOL_CONVERSION = YES;
				CLANG_WARN_COMMA = YES;
				CLANG_WARN_CONSTANT_CONVERSION = YES;
				CLANG_WARN_DEPRECATED_OBJC_IMPLEMENTATIONS = YES;
				CLANG_WARN_DIRECT_OBJC_ISA_USAGE = YES_ERROR;
				CLANG_WARN_DOCUMENTATION_COMMENTS = YES;
				CLANG_WARN_EMPTY_BODY = YES;
				CLANG_WARN_ENUM_CONVERSION = YES;
				CLANG_WARN_INFINITE_RECURSION = YES;
				CLANG_WARN_INT_CONVERSION = YES;
				CLANG_WARN_NON_LITERAL_NULL_CONVERSION = YES;
				CLANG_WARN_OBJC_IMPLICIT_RETAIN_SELF = YES;
				CLANG_WARN_OBJC_LITERAL_CONVERSION = YES;
				CLANG_WARN_OBJC_ROOT_CLASS = YES_ERROR;
				CLANG_WARN_RANGE_LOOP_ANALYSIS = YES;
				CLANG_WARN_STRICT_PROTOTYPES = YES;
				CLANG_WARN_SUSPICIOUS_MOVE = YES;
				CLANG_WARN_UNGUARDED_AVAILABILITY = YES_AGGRESSIVE;
				CLANG_WARN_UNREACHABLE_CODE = YES;
				CLANG_WARN__DUPLICATE_METHOD_MATCH = YES;
				COPY_PHASE_STRIP = NO;
				CURRENT_PROJECT_VERSION = 1;
				DEBUG_INFORMATION_FORMAT = dwarf;
				ENABLE_STRICT_OBJC_MSGSEND = YES;
				ENABLE_TESTABILITY = YES;
				GCC_C_LANGUAGE_STANDARD = gnu11;
				GCC_DYNAMIC_NO_PIC = NO;
				GCC_NO_COMMON_BLOCKS = YES;
				GCC_OPTIMIZATION_LEVEL = 0;
				GCC_PREPROCESSOR_DEFINITIONS = (
					"DEBUG=1",
					"$(inherited)",
				);
				GCC_WARN_64_TO_32_BIT_CONVERSION = YES;
				GCC_WARN_ABOUT_RETURN_TYPE = YES_ERROR;
				GCC_WARN_UNDECLARED_SELECTOR = YES;
				GCC_WARN_UNINITIALIZED_AUTOS = YES_AGGRESSIVE;
				GCC_WARN_UNUSED_FUNCTION = YES;
				GCC_WARN_UNUSED_VARIABLE = YES;
				IPHONEOS_DEPLOYMENT_TARGET = 13.2;
				MTL_ENABLE_DEBUG_INFO = INCLUDE_SOURCE;
				MTL_FAST_MATH = YES;
				ONLY_ACTIVE_ARCH = YES;
				SDKROOT = iphoneos;
				SWIFT_ACTIVE_COMPILATION_CONDITIONS = DEBUG;
				SWIFT_OPTIMIZATION_LEVEL = "-Onone";
				VERSIONING_SYSTEM = "apple-generic";
				VERSION_INFO_PREFIX = "";
			};
			name = Debug;
		};
		1C4C505323A6008B00390505 /* Release */ = {
			isa = XCBuildConfiguration;
			buildSettings = {
				ALWAYS_SEARCH_USER_PATHS = NO;
				CLANG_ANALYZER_NONNULL = YES;
				CLANG_ANALYZER_NUMBER_OBJECT_CONVERSION = YES_AGGRESSIVE;
				CLANG_CXX_LANGUAGE_STANDARD = "gnu++14";
				CLANG_CXX_LIBRARY = "libc++";
				CLANG_ENABLE_MODULES = YES;
				CLANG_ENABLE_OBJC_ARC = YES;
				CLANG_ENABLE_OBJC_WEAK = YES;
				CLANG_WARN_BLOCK_CAPTURE_AUTORELEASING = YES;
				CLANG_WARN_BOOL_CONVERSION = YES;
				CLANG_WARN_COMMA = YES;
				CLANG_WARN_CONSTANT_CONVERSION = YES;
				CLANG_WARN_DEPRECATED_OBJC_IMPLEMENTATIONS = YES;
				CLANG_WARN_DIRECT_OBJC_ISA_USAGE = YES_ERROR;
				CLANG_WARN_DOCUMENTATION_COMMENTS = YES;
				CLANG_WARN_EMPTY_BODY = YES;
				CLANG_WARN_ENUM_CONVERSION = YES;
				CLANG_WARN_INFINITE_RECURSION = YES;
				CLANG_WARN_INT_CONVERSION = YES;
				CLANG_WARN_NON_LITERAL_NULL_CONVERSION = YES;
				CLANG_WARN_OBJC_IMPLICIT_RETAIN_SELF = YES;
				CLANG_WARN_OBJC_LITERAL_CONVERSION = YES;
				CLANG_WARN_OBJC_ROOT_CLASS = YES_ERROR;
				CLANG_WARN_RANGE_LOOP_ANALYSIS = YES;
				CLANG_WARN_STRICT_PROTOTYPES = YES;
				CLANG_WARN_SUSPICIOUS_MOVE = YES;
				CLANG_WARN_UNGUARDED_AVAILABILITY = YES_AGGRESSIVE;
				CLANG_WARN_UNREACHABLE_CODE = YES;
				CLANG_WARN__DUPLICATE_METHOD_MATCH = YES;
				COPY_PHASE_STRIP = NO;
				CURRENT_PROJECT_VERSION = 1;
				DEBUG_INFORMATION_FORMAT = "dwarf-with-dsym";
				ENABLE_NS_ASSERTIONS = NO;
				ENABLE_STRICT_OBJC_MSGSEND = YES;
				GCC_C_LANGUAGE_STANDARD = gnu11;
				GCC_NO_COMMON_BLOCKS = YES;
				GCC_WARN_64_TO_32_BIT_CONVERSION = YES;
				GCC_WARN_ABOUT_RETURN_TYPE = YES_ERROR;
				GCC_WARN_UNDECLARED_SELECTOR = YES;
				GCC_WARN_UNINITIALIZED_AUTOS = YES_AGGRESSIVE;
				GCC_WARN_UNUSED_FUNCTION = YES;
				GCC_WARN_UNUSED_VARIABLE = YES;
				IPHONEOS_DEPLOYMENT_TARGET = 13.2;
				MTL_ENABLE_DEBUG_INFO = NO;
				MTL_FAST_MATH = YES;
				SDKROOT = iphoneos;
				SWIFT_COMPILATION_MODE = wholemodule;
				SWIFT_OPTIMIZATION_LEVEL = "-O";
				VALIDATE_PRODUCT = YES;
				VERSIONING_SYSTEM = "apple-generic";
				VERSION_INFO_PREFIX = "";
			};
			name = Release;
		};
		1C4C505523A6008B00390505 /* Debug */ = {
			isa = XCBuildConfiguration;
			baseConfigurationReference = 494F8EDF75866D285B42632C /* Pods-ZFRatingBadge.debug.xcconfig */;
			buildSettings = {
				CLANG_ENABLE_MODULES = YES;
				CODE_SIGN_STYLE = Automatic;
				DEFINES_MODULE = YES;
				DEVELOPMENT_TEAM = MJWVGRX9VD;
				DYLIB_COMPATIBILITY_VERSION = 1;
				DYLIB_CURRENT_VERSION = 1;
				DYLIB_INSTALL_NAME_BASE = "@rpath";
				INFOPLIST_FILE = ZFRatingBadge/Info.plist;
				INSTALL_PATH = "$(LOCAL_LIBRARY_DIR)/Frameworks";
				LD_RUNPATH_SEARCH_PATHS = (
					"$(inherited)",
					"@executable_path/Frameworks",
					"@loader_path/Frameworks",
				);
				PRODUCT_BUNDLE_IDENTIFIER = com.zafar.ZFRatingBadge;
				PRODUCT_NAME = "$(TARGET_NAME:c99extidentifier)";
				SKIP_INSTALL = YES;
				SWIFT_OPTIMIZATION_LEVEL = "-Onone";
				SWIFT_VERSION = 5.0;
				TARGETED_DEVICE_FAMILY = "1,2";
			};
			name = Debug;
		};
		1C4C505623A6008B00390505 /* Release */ = {
			isa = XCBuildConfiguration;
			baseConfigurationReference = 1C97259013AA288AE795AFB5 /* Pods-ZFRatingBadge.release.xcconfig */;
			buildSettings = {
				CLANG_ENABLE_MODULES = YES;
				CODE_SIGN_STYLE = Automatic;
				DEFINES_MODULE = YES;
				DEVELOPMENT_TEAM = MJWVGRX9VD;
				DYLIB_COMPATIBILITY_VERSION = 1;
				DYLIB_CURRENT_VERSION = 1;
				DYLIB_INSTALL_NAME_BASE = "@rpath";
				INFOPLIST_FILE = ZFRatingBadge/Info.plist;
				INSTALL_PATH = "$(LOCAL_LIBRARY_DIR)/Frameworks";
				LD_RUNPATH_SEARCH_PATHS = (
					"$(inherited)",
					"@executable_path/Frameworks",
					"@loader_path/Frameworks",
				);
				PRODUCT_BUNDLE_IDENTIFIER = com.zafar.ZFRatingBadge;
				PRODUCT_NAME = "$(TARGET_NAME:c99extidentifier)";
				SKIP_INSTALL = YES;
				SWIFT_VERSION = 5.0;
				TARGETED_DEVICE_FAMILY = "1,2";
			};
			name = Release;
		};
/* End XCBuildConfiguration section */

/* Begin XCConfigurationList section */
		1C4C504623A6008B00390505 /* Build configuration list for PBXProject "ZFRatingBadge" */ = {
			isa = XCConfigurationList;
			buildConfigurations = (
				1C4C505223A6008B00390505 /* Debug */,
				1C4C505323A6008B00390505 /* Release */,
			);
			defaultConfigurationIsVisible = 0;
			defaultConfigurationName = Release;
		};
		1C4C505423A6008B00390505 /* Build configuration list for PBXNativeTarget "ZFRatingBadge" */ = {
			isa = XCConfigurationList;
			buildConfigurations = (
				1C4C505523A6008B00390505 /* Debug */,
				1C4C505623A6008B00390505 /* Release */,
			);
			defaultConfigurationIsVisible = 0;
			defaultConfigurationName = Release;
		};
/* End XCConfigurationList section */
	};
	rootObject = 1C4C504323A6008B00390505 /* Project object */;
}
